
Microsoft Visual Studio Solution File, Format Version 12.00
# Visual Studio Version 17
VisualStudioVersion = 17.14.36127.28
MinimumVisualStudioVersion = 10.0.40219.1
Project("{FAE04EC0-301F-11D3-BF4B-00C04F79EFBC}") = "HangfireDemo", "HangfireDemo\HangfireDemo.csproj", "{6F718AA0-27DA-405B-9266-E1A39D4465E5}"
EndProject
Global
	GlobalSection(SolutionConfigurationPlatforms) = preSolution
		Debug|Any CPU = Debug|Any CPU
		Release|Any CPU = Release|Any CPU
	EndGlobalSection
	GlobalSection(ProjectConfigurationPlatforms) = postSolution
		{6F718AA0-27DA-405B-9266-E1A39D4465E5}.Debug|Any CPU.ActiveCfg = Debug|Any CPU
		{6F718AA0-27DA-405B-9266-E1A39D4465E5}.Debug|Any CPU.Build.0 = Debug|Any CPU
		{6F718AA0-27DA-405B-9266-E1A39D4465E5}.Release|Any CPU.ActiveCfg = Release|Any CPU
		{6F718AA0-27DA-405B-9266-E1A39D4465E5}.Release|Any CPU.Build.0 = Release|Any CPU
	EndGlobalSection
	GlobalSection(SolutionProperties) = preSolution
		HideSolutionNode = FALSE
	EndGlobalSection
	GlobalSection(ExtensibilityGlobals) = postSolution
		SolutionGuid = {1B8B23E6-F797-4462-8E1A-4B9F66502520}
	EndGlobalSection
EndGlobal
